
Microsoft Visual Studio Solution File, Format Version 12.00
# Visual Studio Version 17
VisualStudioVersion = 17.13.35825.156 d17.13
MinimumVisualStudioVersion = 10.0.40219.1
Project("{FAE04EC0-301F-11D3-BF4B-00C04F79EFBC}") = "Matrix2dConsoleApp", "Matrix2dConsoleApp\Matrix2dConsoleApp.csproj", "{55A17FC6-96B8-472A-8585-8BDF27A844F1}"
EndProject
Project("{FAE04EC0-301F-11D3-BF4B-00C04F79EFBC}") = "Matrix2dTest", "Matrix2dTest\Matrix2dTest.csproj", "{281A4DE9-8B74-42CF-AA57-FFBC795BE019}"
EndProject
Project("{FAE04EC0-301F-11D3-BF4B-00C04F79EFBC}") = "Matrix2dLibr", "Matrix2dLibr\Matrix2dLibr.csproj", "{4EB7B769-53E0-4F4F-847D-610C0968B093}"
EndProject
Global
	GlobalSection(SolutionConfigurationPlatforms) = preSolution
		Debug|Any CPU = Debug|Any CPU
		Release|Any CPU = Release|Any CPU
	EndGlobalSection
	GlobalSection(ProjectConfigurationPlatforms) = postSolution
		{55A17FC6-96B8-472A-8585-8BDF27A844F1}.Debug|Any CPU.ActiveCfg = Debug|Any CPU
		{55A17FC6-96B8-472A-8585-8BDF27A844F1}.Debug|Any CPU.Build.0 = Debug|Any CPU
		{55A17FC6-96B8-472A-8585-8BDF27A844F1}.Release|Any CPU.ActiveCfg = Release|Any CPU
		{55A17FC6-96B8-472A-8585-8BDF27A844F1}.Release|Any CPU.Build.0 = Release|Any CPU
		{281A4DE9-8B74-42CF-AA57-FFBC795BE019}.Debug|Any CPU.ActiveCfg = Debug|Any CPU
		{281A4DE9-8B74-42CF-AA57-FFBC795BE019}.Debug|Any CPU.Build.0 = Debug|Any CPU
		{281A4DE9-8B74-42CF-AA57-FFBC795BE019}.Release|Any CPU.ActiveCfg = Release|Any CPU
		{281A4DE9-8B74-42CF-AA57-FFBC795BE019}.Release|Any CPU.Build.0 = Release|Any CPU
		{4EB7B769-53E0-4F4F-847D-610C0968B093}.Debug|Any CPU.ActiveCfg = Debug|Any CPU
		{4EB7B769-53E0-4F4F-847D-610C0968B093}.Debug|Any CPU.Build.0 = Debug|Any CPU
		{4EB7B769-53E0-4F4F-847D-610C0968B093}.Release|Any CPU.ActiveCfg = Release|Any CPU
		{4EB7B769-53E0-4F4F-847D-610C0968B093}.Release|Any CPU.Build.0 = Release|Any CPU
	EndGlobalSection
	GlobalSection(SolutionProperties) = preSolution
		HideSolutionNode = FALSE
	EndGlobalSection
	GlobalSection(ExtensibilityGlobals) = postSolution
		SolutionGuid = {BA286CF7-84FF-40FC-A7A3-26E29252EDAE}
	EndGlobalSection
EndGlobal
